// !$*UTF8*$!
{
	archiveVersion = 1;
	classes = {
	};
	objectVersion = 46;
	objects = {

/* Begin PBXBuildFile section */
		B666B3081AB73D4200107C2C /* main.swift in Sources */ = {isa = PBXBuildFile; fileRef = B666B3071AB73D4200107C2C /* main.swift */; };
		B666B30F1AB73F4C00107C2C /* StreamReader.swift in Sources */ = {isa = PBXBuildFile; fileRef = B666B30E1AB73F4C00107C2C /* StreamReader.swift */; };
		B666B3111AB8CFDB00107C2C /* Polyline.swift in Sources */ = {isa = PBXBuildFile; fileRef = B666B3101AB8CFDB00107C2C /* Polyline.swift */; };
/* End PBXBuildFile section */

/* Begin PBXCopyFilesBuildPhase section */
		B666B3021AB73D4200107C2C /* CopyFiles */ = {
			isa = PBXCopyFilesBuildPhase;
			buildActionMask = 2147483647;
			dstPath = /usr/share/man/man1/;
			dstSubfolderSpec = 0;
			files = (
			);
			runOnlyForDeploymentPostprocessing = 1;
		};
/* End PBXCopyFilesBuildPhase section */

/* Begin PBXFileReference section */
		B666B3041AB73D4200107C2C /* buildjson */ = {isa = PBXFileReference; explicitFileType = "compiled.mach-o.executable"; includeInIndex = 0; path = buildjson; sourceTree = BUILT_PRODUCTS_DIR; };
		B666B3071AB73D4200107C2C /* main.swift */ = {isa = PBXFileReference; lastKnownFileType = sourcecode.swift; path = main.swift; sourceTree = "<group>"; };
		B666B30E1AB73F4C00107C2C /* StreamReader.swift */ = {isa = PBXFileReference; fileEncoding = 4; lastKnownFileType = sourcecode.swift; path = StreamReader.swift; sourceTree = "<group>"; };
		B666B3101AB8CFDB00107C2C /* Polyline.swift */ = {isa = PBXFileReference; fileEncoding = 4; lastKnownFileType = sourcecode.swift; path = Polyline.swift; sourceTree = "<group>"; };
		B6DD78FF1AE2F7170080207C /* agency.txt */ = {isa = PBXFileReference; fileEncoding = 4; lastKnownFileType = text; path = agency.txt; sourceTree = "<group>"; };
		B6DD79001AE2F7170080207C /* calendar.txt */ = {isa = PBXFileReference; fileEncoding = 4; lastKnownFileType = text; path = calendar.txt; sourceTree = "<group>"; };
		B6DD79011AE2F7170080207C /* calendar_dates.txt */ = {isa = PBXFileReference; fileEncoding = 4; lastKnownFileType = text; path = calendar_dates.txt; sourceTree = "<group>"; };
		B6DD79021AE2F7170080207C /* fare_attributes.txt */ = {isa = PBXFileReference; fileEncoding = 4; lastKnownFileType = text; path = fare_attributes.txt; sourceTree = "<group>"; };
		B6DD79031AE2F7170080207C /* fare_rules.txt */ = {isa = PBXFileReference; fileEncoding = 4; lastKnownFileType = text; path = fare_rules.txt; sourceTree = "<group>"; };
		B6DD79041AE2F7170080207C /* frequencies.txt */ = {isa = PBXFileReference; fileEncoding = 4; lastKnownFileType = text; path = frequencies.txt; sourceTree = "<group>"; };
		B6DD79051AE2F7170080207C /* routes.txt */ = {isa = PBXFileReference; fileEncoding = 4; lastKnownFileType = text; path = routes.txt; sourceTree = "<group>"; };
		B6DD79061AE2F7170080207C /* shapes.txt */ = {isa = PBXFileReference; fileEncoding = 4; lastKnownFileType = text; path = shapes.txt; sourceTree = "<group>"; };
		B6DD79071AE2F7170080207C /* stop_times.txt */ = {isa = PBXFileReference; fileEncoding = 4; lastKnownFileType = text; path = stop_times.txt; sourceTree = "<group>"; };
		B6DD79081AE2F7170080207C /* stops.txt */ = {isa = PBXFileReference; fileEncoding = 4; lastKnownFileType = text; path = stops.txt; sourceTree = "<group>"; };
		B6DD79091AE2F7170080207C /* trips.txt */ = {isa = PBXFileReference; fileEncoding = 4; lastKnownFileType = text; path = trips.txt; sourceTree = "<group>"; };
		B6DD790B1AE2F7170080207C /* agency.txt */ = {isa = PBXFileReference; fileEncoding = 4; lastKnownFileType = text; path = agency.txt; sourceTree = "<group>"; };
		B6DD790C1AE2F7170080207C /* calendar.txt */ = {isa = PBXFileReference; fileEncoding = 4; lastKnownFileType = text; path = calendar.txt; sourceTree = "<group>"; };
		B6DD790D1AE2F7170080207C /* calendar_dates.txt */ = {isa = PBXFileReference; fileEncoding = 4; lastKnownFileType = text; path = calendar_dates.txt; sourceTree = "<group>"; };
		B6DD790E1AE2F7170080207C /* fare_attributes.txt */ = {isa = PBXFileReference; fileEncoding = 4; lastKnownFileType = text; path = fare_attributes.txt; sourceTree = "<group>"; };
		B6DD790F1AE2F7170080207C /* fare_rules.txt */ = {isa = PBXFileReference; fileEncoding = 4; lastKnownFileType = text; path = fare_rules.txt; sourceTree = "<group>"; };
		B6DD79101AE2F7170080207C /* frequencies.txt */ = {isa = PBXFileReference; fileEncoding = 4; lastKnownFileType = text; path = frequencies.txt; sourceTree = "<group>"; };
		B6DD79111AE2F7170080207C /* routes.txt */ = {isa = PBXFileReference; fileEncoding = 4; lastKnownFileType = text; path = routes.txt; sourceTree = "<group>"; };
		B6DD79121AE2F7170080207C /* shapes.txt */ = {isa = PBXFileReference; fileEncoding = 4; lastKnownFileType = text; path = shapes.txt; sourceTree = "<group>"; };
		B6DD79131AE2F7170080207C /* stop_times.txt */ = {isa = PBXFileReference; fileEncoding = 4; lastKnownFileType = text; path = stop_times.txt; sourceTree = "<group>"; };
		B6DD79141AE2F7170080207C /* stops.txt */ = {isa = PBXFileReference; fileEncoding = 4; lastKnownFileType = text; path = stops.txt; sourceTree = "<group>"; };
		B6DD79151AE2F7170080207C /* trips.txt */ = {isa = PBXFileReference; fileEncoding = 4; lastKnownFileType = text; path = trips.txt; sourceTree = "<group>"; };
		B6DD79171AE2F7170080207C /* agency.txt */ = {isa = PBXFileReference; fileEncoding = 4; lastKnownFileType = text; path = agency.txt; sourceTree = "<group>"; };
		B6DD79181AE2F7170080207C /* calendar.txt */ = {isa = PBXFileReference; fileEncoding = 4; lastKnownFileType = text; path = calendar.txt; sourceTree = "<group>"; };
		B6DD79191AE2F7170080207C /* calendar_dates.txt */ = {isa = PBXFileReference; fileEncoding = 4; lastKnownFileType = text; path = calendar_dates.txt; sourceTree = "<group>"; };
		B6DD791A1AE2F7170080207C /* routes.txt */ = {isa = PBXFileReference; fileEncoding = 4; lastKnownFileType = text; path = routes.txt; sourceTree = "<group>"; };
		B6DD791B1AE2F7170080207C /* shapes.txt */ = {isa = PBXFileReference; fileEncoding = 4; lastKnownFileType = text; path = shapes.txt; sourceTree = "<group>"; };
		B6DD791C1AE2F7170080207C /* stop_times.txt */ = {isa = PBXFileReference; fileEncoding = 4; lastKnownFileType = text; path = stop_times.txt; sourceTree = "<group>"; };
		B6DD791D1AE2F7170080207C /* stops.txt */ = {isa = PBXFileReference; fileEncoding = 4; lastKnownFileType = text; path = stops.txt; sourceTree = "<group>"; };
		B6DD791E1AE2F7170080207C /* trips.txt */ = {isa = PBXFileReference; fileEncoding = 4; lastKnownFileType = text; path = trips.txt; sourceTree = "<group>"; };
		B6DD791F1AE2F7170080207C /* waypoints.txt */ = {isa = PBXFileReference; fileEncoding = 4; lastKnownFileType = text; path = waypoints.txt; sourceTree = "<group>"; };
/* End PBXFileReference section */

/* Begin PBXFrameworksBuildPhase section */
		B666B3011AB73D4200107C2C /* Frameworks */ = {
			isa = PBXFrameworksBuildPhase;
			buildActionMask = 2147483647;
			files = (
			);
			runOnlyForDeploymentPostprocessing = 0;
		};
/* End PBXFrameworksBuildPhase section */

/* Begin PBXGroup section */
		B666B2FB1AB73D4200107C2C = {
			isa = PBXGroup;
			children = (
				B6DD78FD1AE2F7170080207C /* GTFS */,
				B666B3061AB73D4200107C2C /* buildjson */,
				B666B3051AB73D4200107C2C /* Products */,
			);
			sourceTree = "<group>";
		};
		B666B3051AB73D4200107C2C /* Products */ = {
			isa = PBXGroup;
			children = (
				B666B3041AB73D4200107C2C /* buildjson */,
			);
			name = Products;
			sourceTree = "<group>";
		};
		B666B3061AB73D4200107C2C /* buildjson */ = {
			isa = PBXGroup;
			children = (
				B666B3071AB73D4200107C2C /* main.swift */,
				B666B3101AB8CFDB00107C2C /* Polyline.swift */,
				B666B30E1AB73F4C00107C2C /* StreamReader.swift */,
			);
			path = buildjson;
			sourceTree = "<group>";
		};
		B6DD78FD1AE2F7170080207C /* GTFS */ = {
			isa = PBXGroup;
			children = (
				B6DD78FE1AE2F7170080207C /* ferries */,
				B6DD790A1AE2F7170080207C /* old - ferries_google_transit do not delete */,
				B6DD79161AE2F7170080207C /* vta_google_transit */,
			);
			path = GTFS;
			sourceTree = "<group>";
		};
		B6DD78FE1AE2F7170080207C /* ferries */ = {
			isa = PBXGroup;
			children = (
				B6DD78FF1AE2F7170080207C /* agency.txt */,
				B6DD79001AE2F7170080207C /* calendar.txt */,
				B6DD79011AE2F7170080207C /* calendar_dates.txt */,
				B6DD79021AE2F7170080207C /* fare_attributes.txt */,
				B6DD79031AE2F7170080207C /* fare_rules.txt */,
				B6DD79041AE2F7170080207C /* frequencies.txt */,
				B6DD79051AE2F7170080207C /* routes.txt */,
				B6DD79061AE2F7170080207C /* shapes.txt */,
				B6DD79071AE2F7170080207C /* stop_times.txt */,
				B6DD79081AE2F7170080207C /* stops.txt */,
				B6DD79091AE2F7170080207C /* trips.txt */,
			);
			path = ferries;
			sourceTree = "<group>";
		};
		B6DD790A1AE2F7170080207C /* old - ferries_google_transit do not delete */ = {
			isa = PBXGroup;
			children = (
				B6DD790B1AE2F7170080207C /* agency.txt */,
				B6DD790C1AE2F7170080207C /* calendar.txt */,
				B6DD790D1AE2F7170080207C /* calendar_dates.txt */,
				B6DD790E1AE2F7170080207C /* fare_attributes.txt */,
				B6DD790F1AE2F7170080207C /* fare_rules.txt */,
				B6DD79101AE2F7170080207C /* frequencies.txt */,
				B6DD79111AE2F7170080207C /* routes.txt */,
				B6DD79121AE2F7170080207C /* shapes.txt */,
				B6DD79131AE2F7170080207C /* stop_times.txt */,
				B6DD79141AE2F7170080207C /* stops.txt */,
				B6DD79151AE2F7170080207C /* trips.txt */,
			);
			path = "old - ferries_google_transit do not delete";
			sourceTree = "<group>";
		};
		B6DD79161AE2F7170080207C /* vta_google_transit */ = {
			isa = PBXGroup;
			children = (
				B6DD79171AE2F7170080207C /* agency.txt */,
				B6DD79181AE2F7170080207C /* calendar.txt */,
				B6DD79191AE2F7170080207C /* calendar_dates.txt */,
				B6DD791A1AE2F7170080207C /* routes.txt */,
				B6DD791B1AE2F7170080207C /* shapes.txt */,
				B6DD791C1AE2F7170080207C /* stop_times.txt */,
				B6DD791D1AE2F7170080207C /* stops.txt */,
				B6DD791E1AE2F7170080207C /* trips.txt */,
				B6DD791F1AE2F7170080207C /* waypoints.txt */,
			);
			path = vta_google_transit;
			sourceTree = "<group>";
		};
/* End PBXGroup section */

/* Begin PBXNativeTarget section */
		B666B3031AB73D4200107C2C /* buildjson */ = {
			isa = PBXNativeTarget;
			buildConfigurationList = B666B30B1AB73D4200107C2C /* Build configuration list for PBXNativeTarget "buildjson" */;
			buildPhases = (
				B666B3001AB73D4200107C2C /* Sources */,
				B666B3011AB73D4200107C2C /* Frameworks */,
				B666B3021AB73D4200107C2C /* CopyFiles */,
			);
			buildRules = (
			);
			dependencies = (
			);
			name = buildjson;
			productName = buildjson;
			productReference = B666B3041AB73D4200107C2C /* buildjson */;
			productType = "com.apple.product-type.tool";
		};
/* End PBXNativeTarget section */

/* Begin PBXProject section */
		B666B2FC1AB73D4200107C2C /* Project object */ = {
			isa = PBXProject;
			attributes = {
				LastUpgradeCheck = 0620;
				ORGANIZATIONNAME = "Frederick Hewett";
				TargetAttributes = {
					B666B3031AB73D4200107C2C = {
						CreatedOnToolsVersion = 6.2;
					};
				};
			};
			buildConfigurationList = B666B2FF1AB73D4200107C2C /* Build configuration list for PBXProject "buildjson" */;
			compatibilityVersion = "Xcode 3.2";
			developmentRegion = English;
			hasScannedForEncodings = 0;
			knownRegions = (
				en,
			);
			mainGroup = B666B2FB1AB73D4200107C2C;
			productRefGroup = B666B3051AB73D4200107C2C /* Products */;
			projectDirPath = "";
			projectRoot = "";
			targets = (
				B666B3031AB73D4200107C2C /* buildjson */,
			);
		};
/* End PBXProject section */

/* Begin PBXSourcesBuildPhase section */
		B666B3001AB73D4200107C2C /* Sources */ = {
			isa = PBXSourcesBuildPhase;
			buildActionMask = 2147483647;
			files = (
				B666B3111AB8CFDB00107C2C /* Polyline.swift in Sources */,
				B666B30F1AB73F4C00107C2C /* StreamReader.swift in Sources */,
				B666B3081AB73D4200107C2C /* main.swift in Sources */,
			);
			runOnlyForDeploymentPostprocessing = 0;
		};
/* End PBXSourcesBuildPhase section */

/* Begin XCBuildConfiguration section */
		B666B3091AB73D4200107C2C /* Debug */ = {
			isa = XCBuildConfiguration;
			buildSettings = {
				ALWAYS_SEARCH_USER_PATHS = NO;
				CLANG_CXX_LANGUAGE_STANDARD = "gnu++0x";
				CLANG_CXX_LIBRARY = "libc++";
				CLANG_ENABLE_MODULES = YES;
				CLANG_ENABLE_OBJC_ARC = YES;
				CLANG_WARN_BOOL_CONVERSION = YES;
				CLANG_WARN_CONSTANT_CONVERSION = YES;
				CLANG_WARN_DIRECT_OBJC_ISA_USAGE = YES_ERROR;
				CLANG_WARN_EMPTY_BODY = YES;
				CLANG_WARN_ENUM_CONVERSION = YES;
				CLANG_WARN_INT_CONVERSION = YES;
				CLANG_WARN_OBJC_ROOT_CLASS = YES_ERROR;
				CLANG_WARN_UNREACHABLE_CODE = YES;
				CLANG_WARN__DUPLICATE_METHOD_MATCH = YES;
				COPY_PHASE_STRIP = NO;
				ENABLE_STRICT_OBJC_MSGSEND = YES;
				GCC_C_LANGUAGE_STANDARD = gnu99;
				GCC_DYNAMIC_NO_PIC = NO;
				GCC_OPTIMIZATION_LEVEL = 0;
				GCC_PREPROCESSOR_DEFINITIONS = (
					"DEBUG=1",
					"$(inherited)",
				);
				GCC_SYMBOLS_PRIVATE_EXTERN = NO;
				GCC_WARN_64_TO_32_BIT_CONVERSION = YES;
				GCC_WARN_ABOUT_RETURN_TYPE = YES_ERROR;
				GCC_WARN_UNDECLARED_SELECTOR = YES;
				GCC_WARN_UNINITIALIZED_AUTOS = YES_AGGRESSIVE;
				GCC_WARN_UNUSED_FUNCTION = YES;
				GCC_WARN_UNUSED_VARIABLE = YES;
				MACOSX_DEPLOYMENT_TARGET = 10.10;
				MTL_ENABLE_DEBUG_INFO = YES;
				ONLY_ACTIVE_ARCH = YES;
				SDKROOT = macosx;
				SWIFT_OPTIMIZATION_LEVEL = "-Onone";
			};
			name = Debug;
		};
		B666B30A1AB73D4200107C2C /* Release */ = {
			isa = XCBuildConfiguration;
			buildSettings = {
				ALWAYS_SEARCH_USER_PATHS = NO;
				CLANG_CXX_LANGUAGE_STANDARD = "gnu++0x";
				CLANG_CXX_LIBRARY = "libc++";
				CLANG_ENABLE_MODULES = YES;
				CLANG_ENABLE_OBJC_ARC = YES;
				CLANG_WARN_BOOL_CONVERSION = YES;
				CLANG_WARN_CONSTANT_CONVERSION = YES;
				CLANG_WARN_DIRECT_OBJC_ISA_USAGE = YES_ERROR;
				CLANG_WARN_EMPTY_BODY = YES;
				CLANG_WARN_ENUM_CONVERSION = YES;
				CLANG_WARN_INT_CONVERSION = YES;
				CLANG_WARN_OBJC_ROOT_CLASS = YES_ERROR;
				CLANG_WARN_UNREACHABLE_CODE = YES;
				CLANG_WARN__DUPLICATE_METHOD_MATCH = YES;
				COPY_PHASE_STRIP = NO;
				DEBUG_INFORMATION_FORMAT = "dwarf-with-dsym";
				ENABLE_NS_ASSERTIONS = NO;
				ENABLE_STRICT_OBJC_MSGSEND = YES;
				GCC_C_LANGUAGE_STANDARD = gnu99;
				GCC_WARN_64_TO_32_BIT_CONVERSION = YES;
				GCC_WARN_ABOUT_RETURN_TYPE = YES_ERROR;
				GCC_WARN_UNDECLARED_SELECTOR = YES;
				GCC_WARN_UNINITIALIZED_AUTOS = YES_AGGRESSIVE;
				GCC_WARN_UNUSED_FUNCTION = YES;
				GCC_WARN_UNUSED_VARIABLE = YES;
				MACOSX_DEPLOYMENT_TARGET = 10.10;
				MTL_ENABLE_DEBUG_INFO = NO;
				SDKROOT = macosx;
			};
			name = Release;
		};
		B666B30C1AB73D4200107C2C /* Debug */ = {
			isa = XCBuildConfiguration;
			buildSettings = {
				PRODUCT_NAME = "$(TARGET_NAME)";
			};
			name = Debug;
		};
		B666B30D1AB73D4200107C2C /* Release */ = {
			isa = XCBuildConfiguration;
			buildSettings = {
				PRODUCT_NAME = "$(TARGET_NAME)";
			};
			name = Release;
		};
/* End XCBuildConfiguration section */

/* Begin XCConfigurationList section */
		B666B2FF1AB73D4200107C2C /* Build configuration list for PBXProject "buildjson" */ = {
			isa = XCConfigurationList;
			buildConfigurations = (
				B666B3091AB73D4200107C2C /* Debug */,
				B666B30A1AB73D4200107C2C /* Release */,
			);
			defaultConfigurationIsVisible = 0;
			defaultConfigurationName = Release;
		};
		B666B30B1AB73D4200107C2C /* Build configuration list for PBXNativeTarget "buildjson" */ = {
			isa = XCConfigurationList;
			buildConfigurations = (
				B666B30C1AB73D4200107C2C /* Debug */,
				B666B30D1AB73D4200107C2C /* Release */,
			);
			defaultConfigurationIsVisible = 0;
			defaultConfigurationName = Release;
		};
/* End XCConfigurationList section */
	};
	rootObject = B666B2FC1AB73D4200107C2C /* Project object */;
}
